{
    "version": 3,
    "terraform_version": "0.11.13",
    "serial": 2,
    "lineage": "04dc30a8-6a68-aafd-e9f0-0b941d8e3a83",
    "modules": [
        {
            "path": [
                "root"
            ],
            "outputs": {},
            "resources": {
                "azurerm_network_interface.terranic.0": {
                    "type": "azurerm_network_interface",
                    "depends_on": [
                        "data.azurerm_resource_group.resourcegroup",
                        "data.azurerm_subnet.subnet"
                    ],
                    "primary": {
                        "id": "/subscriptions/7df8f709-d090-4cd6-bc5b-5c2b6c6e6067/resourceGroups/duckrg/providers/Microsoft.Network/networkInterfaces/Rajuvm-nic0",
                        "attributes": {
                            "applied_dns_servers.#": "0",
                            "dns_servers.#": "0",
                            "enable_accelerated_networking": "false",
                            "enable_ip_forwarding": "false",
                            "id": "/subscriptions/7df8f709-d090-4cd6-bc5b-5c2b6c6e6067/resourceGroups/duckrg/providers/Microsoft.Network/networkInterfaces/Rajuvm-nic0",
                            "internal_dns_name_label": "",
                            "internal_fqdn": "",
                            "ip_configuration.#": "1",
                            "ip_configuration.0.application_gateway_backend_address_pools_ids.#": "0",
                            "ip_configuration.0.application_security_group_ids.#": "0",
                            "ip_configuration.0.load_balancer_backend_address_pools_ids.#": "0",
                            "ip_configuration.0.load_balancer_inbound_nat_rules_ids.#": "0",
                            "ip_configuration.0.name": "Rajuvm-nic-ip1",
                            "ip_configuration.0.primary": "true",
                            "ip_configuration.0.private_ip_address": "",
                            "ip_configuration.0.private_ip_address_allocation": "dynamic",
                            "ip_configuration.0.private_ip_address_version": "IPv4",
                            "ip_configuration.0.public_ip_address_id": "",
                            "ip_configuration.0.subnet_id": "/subscriptions/7df8f709-d090-4cd6-bc5b-5c2b6c6e6067/resourceGroups/duckrg/providers/Microsoft.Network/virtualNetworks/duckvnet/subnets/ducksubnet",
                            "location": "westus",
                            "mac_address": "",
                            "name": "Rajuvm-nic0",
                            "network_security_group_id": "",
                            "private_ip_address": "10.0.1.6",
                            "private_ip_addresses.#": "1",
                            "private_ip_addresses.0": "10.0.1.6",
                            "resource_group_name": "duckrg",
                            "tags.%": "0"
                        },
                        "meta": {},
                        "tainted": false
                    },
                    "deposed": [],
                    "provider": "provider.azurerm"
                },
                "azurerm_network_interface.terranic.1": {
                    "type": "azurerm_network_interface",
                    "depends_on": [
                        "data.azurerm_resource_group.resourcegroup",
                        "data.azurerm_subnet.subnet"
                    ],
                    "primary": {
                        "id": "/subscriptions/7df8f709-d090-4cd6-bc5b-5c2b6c6e6067/resourceGroups/duckrg/providers/Microsoft.Network/networkInterfaces/Rajuvm-nic1",
                        "attributes": {
                            "applied_dns_servers.#": "0",
                            "dns_servers.#": "0",
                            "enable_accelerated_networking": "false",
                            "enable_ip_forwarding": "false",
                            "id": "/subscriptions/7df8f709-d090-4cd6-bc5b-5c2b6c6e6067/resourceGroups/duckrg/providers/Microsoft.Network/networkInterfaces/Rajuvm-nic1",
                            "internal_dns_name_label": "",
                            "internal_fqdn": "",
                            "ip_configuration.#": "1",
                            "ip_configuration.0.application_gateway_backend_address_pools_ids.#": "0",
                            "ip_configuration.0.application_security_group_ids.#": "0",
                            "ip_configuration.0.load_balancer_backend_address_pools_ids.#": "0",
                            "ip_configuration.0.load_balancer_inbound_nat_rules_ids.#": "0",
                            "ip_configuration.0.name": "Rajuvm-nic-ip1",
                            "ip_configuration.0.primary": "true",
                            "ip_configuration.0.private_ip_address": "",
                            "ip_configuration.0.private_ip_address_allocation": "dynamic",
                            "ip_configuration.0.private_ip_address_version": "IPv4",
                            "ip_configuration.0.public_ip_address_id": "",
                            "ip_configuration.0.subnet_id": "/subscriptions/7df8f709-d090-4cd6-bc5b-5c2b6c6e6067/resourceGroups/duckrg/providers/Microsoft.Network/virtualNetworks/duckvnet/subnets/ducksubnet",
                            "location": "westus",
                            "mac_address": "",
                            "name": "Rajuvm-nic1",
                            "network_security_group_id": "",
                            "private_ip_address": "10.0.1.5",
                            "private_ip_addresses.#": "1",
                            "private_ip_addresses.0": "10.0.1.5",
                            "resource_group_name": "duckrg",
                            "tags.%": "0"
                        },
                        "meta": {},
                        "tainted": false
                    },
                    "deposed": [],
                    "provider": "provider.azurerm"
                },
                "azurerm_virtual_machine.terravm.0": {
                    "type": "azurerm_virtual_machine",
                    "depends_on": [
                        "azurerm_network_interface.terranic.*"
                    ],
                    "primary": {
                        "id": "/subscriptions/7df8f709-d090-4cd6-bc5b-5c2b6c6e6067/resourceGroups/duckrg/providers/Microsoft.Compute/virtualMachines/Rajuvm0",
                        "attributes": {
                            "delete_data_disks_on_termination": "false",
                            "delete_os_disk_on_termination": "false",
                            "id": "/subscriptions/7df8f709-d090-4cd6-bc5b-5c2b6c6e6067/resourceGroups/duckrg/providers/Microsoft.Compute/virtualMachines/Rajuvm0",
                            "identity.#": "0",
                            "location": "westus",
                            "name": "Rajuvm0",
                            "network_interface_ids.#": "1",
                            "network_interface_ids.0": "/subscriptions/7df8f709-d090-4cd6-bc5b-5c2b6c6e6067/resourceGroups/duckrg/providers/Microsoft.Network/networkInterfaces/Rajuvm-nic0",
                            "os_profile.#": "1",
                            "os_profile.1481830340.admin_password": "",
                            "os_profile.1481830340.admin_username": "azureuser",
                            "os_profile.1481830340.computer_name": "Rajuvm0",
                            "os_profile.1481830340.custom_data": "",
                            "os_profile_linux_config.#": "0",
                            "os_profile_secrets.#": "0",
                            "os_profile_windows_config.#": "1",
                            "os_profile_windows_config.80598305.additional_unattend_config.#": "0",
                            "os_profile_windows_config.80598305.enable_automatic_upgrades": "false",
                            "os_profile_windows_config.80598305.provision_vm_agent": "false",
                            "os_profile_windows_config.80598305.timezone": "",
                            "os_profile_windows_config.80598305.winrm.#": "0",
                            "plan.#": "0",
                            "resource_group_name": "duckrg",
                            "storage_data_disk.#": "0",
                            "storage_image_reference.#": "1",
                            "storage_image_reference.2991307580.id": "",
                            "storage_image_reference.2991307580.offer": "WindowsServer",
                            "storage_image_reference.2991307580.publisher": "MicrosoftWindowsServer",
                            "storage_image_reference.2991307580.sku": "2012-R2-Datacenter",
                            "storage_image_reference.2991307580.version": "latest",
                            "storage_os_disk.#": "1",
                            "storage_os_disk.0.caching": "ReadWrite",
                            "storage_os_disk.0.create_option": "FromImage",
                            "storage_os_disk.0.disk_size_gb": "127",
                            "storage_os_disk.0.image_uri": "",
                            "storage_os_disk.0.managed_disk_id": "/subscriptions/7df8f709-d090-4cd6-bc5b-5c2b6c6e6067/resourceGroups/duckrg/providers/Microsoft.Compute/disks/RajuvmOsDisk0",
                            "storage_os_disk.0.managed_disk_type": "Standard_LRS",
                            "storage_os_disk.0.name": "RajuvmOsDisk0",
                            "storage_os_disk.0.os_type": "Windows",
                            "storage_os_disk.0.vhd_uri": "",
                            "storage_os_disk.0.write_accelerator_enabled": "false",
                            "tags.%": "0",
                            "vm_size": "Standard_DS1_V2",
                            "zones.#": "0"
                        },
                        "meta": {},
                        "tainted": false
                    },
                    "deposed": [],
                    "provider": "provider.azurerm"
                },
                "azurerm_virtual_machine.terravm.1": {
                    "type": "azurerm_virtual_machine",
                    "depends_on": [
                        "azurerm_network_interface.terranic.*"
                    ],
                    "primary": {
                        "id": "/subscriptions/7df8f709-d090-4cd6-bc5b-5c2b6c6e6067/resourceGroups/duckrg/providers/Microsoft.Compute/virtualMachines/Rajuvm1",
                        "attributes": {
                            "delete_data_disks_on_termination": "false",
                            "delete_os_disk_on_termination": "false",
                            "id": "/subscriptions/7df8f709-d090-4cd6-bc5b-5c2b6c6e6067/resourceGroups/duckrg/providers/Microsoft.Compute/virtualMachines/Rajuvm1",
                            "identity.#": "0",
                            "location": "westus",
                            "name": "Rajuvm1",
                            "network_interface_ids.#": "1",
                            "network_interface_ids.0": "/subscriptions/7df8f709-d090-4cd6-bc5b-5c2b6c6e6067/resourceGroups/duckrg/providers/Microsoft.Network/networkInterfaces/Rajuvm-nic1",
                            "os_profile.#": "1",
                            "os_profile.1095360133.admin_password": "",
                            "os_profile.1095360133.admin_username": "azureuser",
                            "os_profile.1095360133.computer_name": "Rajuvm1",
                            "os_profile.1095360133.custom_data": "",
                            "os_profile_linux_config.#": "0",
                            "os_profile_secrets.#": "0",
                            "os_profile_windows_config.#": "1",
                            "os_profile_windows_config.80598305.additional_unattend_config.#": "0",
                            "os_profile_windows_config.80598305.enable_automatic_upgrades": "false",
                            "os_profile_windows_config.80598305.provision_vm_agent": "false",
                            "os_profile_windows_config.80598305.timezone": "",
                            "os_profile_windows_config.80598305.winrm.#": "0",
                            "plan.#": "0",
                            "resource_group_name": "duckrg",
                            "storage_data_disk.#": "0",
                            "storage_image_reference.#": "1",
                            "storage_image_reference.2991307580.id": "",
                            "storage_image_reference.2991307580.offer": "WindowsServer",
                            "storage_image_reference.2991307580.publisher": "MicrosoftWindowsServer",
                            "storage_image_reference.2991307580.sku": "2012-R2-Datacenter",
                            "storage_image_reference.2991307580.version": "latest",
                            "storage_os_disk.#": "1",
                            "storage_os_disk.0.caching": "ReadWrite",
                            "storage_os_disk.0.create_option": "FromImage",
                            "storage_os_disk.0.disk_size_gb": "127",
                            "storage_os_disk.0.image_uri": "",
                            "storage_os_disk.0.managed_disk_id": "/subscriptions/7df8f709-d090-4cd6-bc5b-5c2b6c6e6067/resourceGroups/duckrg/providers/Microsoft.Compute/disks/RajuvmOsDisk1",
                            "storage_os_disk.0.managed_disk_type": "Standard_LRS",
                            "storage_os_disk.0.name": "RajuvmOsDisk1",
                            "storage_os_disk.0.os_type": "Windows",
                            "storage_os_disk.0.vhd_uri": "",
                            "storage_os_disk.0.write_accelerator_enabled": "false",
                            "tags.%": "0",
                            "vm_size": "Standard_DS1_V2",
                            "zones.#": "0"
                        },
                        "meta": {},
                        "tainted": false
                    },
                    "deposed": [],
                    "provider": "provider.azurerm"
                },
                "data.azurerm_resource_group.resourcegroup": {
                    "type": "azurerm_resource_group",
                    "depends_on": [],
                    "primary": {
                        "id": "/subscriptions/7df8f709-d090-4cd6-bc5b-5c2b6c6e6067/resourceGroups/duckrg",
                        "attributes": {
                            "id": "/subscriptions/7df8f709-d090-4cd6-bc5b-5c2b6c6e6067/resourceGroups/duckrg",
                            "location": "westus",
                            "name": "duckrg",
                            "tags.%": "0"
                        },
                        "meta": {},
                        "tainted": false
                    },
                    "deposed": [],
                    "provider": "provider.azurerm"
                },
                "data.azurerm_subnet.subnet": {
                    "type": "azurerm_subnet",
                    "depends_on": [
                        "data.azurerm_resource_group.resourcegroup"
                    ],
                    "primary": {
                        "id": "/subscriptions/7df8f709-d090-4cd6-bc5b-5c2b6c6e6067/resourceGroups/duckrg/providers/Microsoft.Network/virtualNetworks/duckvnet/subnets/ducksubnet",
                        "attributes": {
                            "address_prefix": "10.0.1.0/24",
                            "id": "/subscriptions/7df8f709-d090-4cd6-bc5b-5c2b6c6e6067/resourceGroups/duckrg/providers/Microsoft.Network/virtualNetworks/duckvnet/subnets/ducksubnet",
                            "ip_configurations.#": "1",
                            "ip_configurations.1469302783": "/subscriptions/7df8f709-d090-4cd6-bc5b-5c2b6c6e6067/resourceGroups/duckrg/providers/Microsoft.Network/networkInterfaces/ducknic/ipConfigurations/ducknicipconfig",
                            "name": "ducksubnet",
                            "network_security_group_id": "",
                            "resource_group_name": "duckrg",
                            "route_table_id": "",
                            "service_endpoints.#": "0",
                            "virtual_network_name": "duckvnet"
                        },
                        "meta": {},
                        "tainted": false
                    },
                    "deposed": [],
                    "provider": "provider.azurerm"
                }
            },
            "depends_on": []
        }
    ]
}
