{
    "version": 3,
    "terraform_version": "0.11.13",
    "serial": 6,
    "lineage": "cfd09d2c-1090-c899-24d1-c15946b5960e",
    "modules": [
        {
            "path": [
                "root"
            ],
            "outputs": {},
            "resources": {
                "azurerm_availability_set.avset": {
                    "type": "azurerm_availability_set",
                    "depends_on": [
                        "azurerm_resource_group.terrarg"
                    ],
                    "primary": {
                        "id": "/subscriptions/7df8f709-d090-4cd6-bc5b-5c2b6c6e6067/resourceGroups/RajuRG/providers/Microsoft.Compute/availabilitySets/RajuASet",
                        "attributes": {
                            "id": "/subscriptions/7df8f709-d090-4cd6-bc5b-5c2b6c6e6067/resourceGroups/RajuRG/providers/Microsoft.Compute/availabilitySets/RajuASet",
                            "location": "westus",
                            "managed": "true",
                            "name": "RajuASet",
                            "platform_fault_domain_count": "2",
                            "platform_update_domain_count": "5",
                            "resource_group_name": "RajuRG",
                            "tags.%": "0"
                        },
                        "meta": {},
                        "tainted": false
                    },
                    "deposed": [],
                    "provider": "provider.azurerm"
                },
                "azurerm_lb.rajulb": {
                    "type": "azurerm_lb",
                    "depends_on": [
                        "azurerm_public_ip.Rajulbpublicip",
                        "azurerm_resource_group.terrarg"
                    ],
                    "primary": {
                        "id": "/subscriptions/7df8f709-d090-4cd6-bc5b-5c2b6c6e6067/resourceGroups/RajuRG/providers/Microsoft.Network/loadBalancers/Rajulb",
                        "attributes": {
                            "frontend_ip_configuration.#": "1",
                            "frontend_ip_configuration.0.inbound_nat_rules.#": "0",
                            "frontend_ip_configuration.0.load_balancer_rules.#": "0",
                            "frontend_ip_configuration.0.name": "Rajulbpublicip",
                            "frontend_ip_configuration.0.outbound_rules.#": "0",
                            "frontend_ip_configuration.0.private_ip_address": "",
                            "frontend_ip_configuration.0.private_ip_address_allocation": "Dynamic",
                            "frontend_ip_configuration.0.public_ip_address_id": "/subscriptions/7df8f709-d090-4cd6-bc5b-5c2b6c6e6067/resourceGroups/RajuRG/providers/Microsoft.Network/publicIPAddresses/Rajulbpublicip",
                            "frontend_ip_configuration.0.subnet_id": "",
                            "frontend_ip_configuration.0.zones.#": "0",
                            "id": "/subscriptions/7df8f709-d090-4cd6-bc5b-5c2b6c6e6067/resourceGroups/RajuRG/providers/Microsoft.Network/loadBalancers/Rajulb",
                            "location": "westus",
                            "name": "Rajulb",
                            "private_ip_address": "",
                            "private_ip_addresses.#": "0",
                            "resource_group_name": "RajuRG",
                            "sku": "Basic",
                            "tags.%": "0"
                        },
                        "meta": {},
                        "tainted": false
                    },
                    "deposed": [],
                    "provider": "provider.azurerm"
                },
                "azurerm_lb_backend_address_pool.backendaddrpool": {
                    "type": "azurerm_lb_backend_address_pool",
                    "depends_on": [
                        "azurerm_lb.rajulb",
                        "azurerm_resource_group.terrarg"
                    ],
                    "primary": {
                        "id": "/subscriptions/7df8f709-d090-4cd6-bc5b-5c2b6c6e6067/resourceGroups/RajuRG/providers/Microsoft.Network/loadBalancers/Rajulb/backendAddressPools/Rajulbbackendpool",
                        "attributes": {
                            "backend_ip_configurations.#": "0",
                            "id": "/subscriptions/7df8f709-d090-4cd6-bc5b-5c2b6c6e6067/resourceGroups/RajuRG/providers/Microsoft.Network/loadBalancers/Rajulb/backendAddressPools/Rajulbbackendpool",
                            "load_balancing_rules.#": "0",
                            "loadbalancer_id": "/subscriptions/7df8f709-d090-4cd6-bc5b-5c2b6c6e6067/resourceGroups/RajuRG/providers/Microsoft.Network/loadBalancers/Rajulb",
                            "name": "Rajulbbackendpool",
                            "resource_group_name": "RajuRG"
                        },
                        "meta": {},
                        "tainted": false
                    },
                    "deposed": [],
                    "provider": "provider.azurerm"
                },
                "azurerm_lb_probe.lbprobe": {
                    "type": "azurerm_lb_probe",
                    "depends_on": [
                        "azurerm_lb.rajulb",
                        "azurerm_resource_group.terrarg"
                    ],
                    "primary": {
                        "id": "/subscriptions/7df8f709-d090-4cd6-bc5b-5c2b6c6e6067/resourceGroups/RajuRG/providers/Microsoft.Network/loadBalancers/Rajulb/probes/Rajulbprobe",
                        "attributes": {
                            "id": "/subscriptions/7df8f709-d090-4cd6-bc5b-5c2b6c6e6067/resourceGroups/RajuRG/providers/Microsoft.Network/loadBalancers/Rajulb/probes/Rajulbprobe",
                            "interval_in_seconds": "15",
                            "load_balancer_rules.#": "0",
                            "loadbalancer_id": "/subscriptions/7df8f709-d090-4cd6-bc5b-5c2b6c6e6067/resourceGroups/RajuRG/providers/Microsoft.Network/loadBalancers/Rajulb",
                            "name": "Rajulbprobe",
                            "number_of_probes": "2",
                            "port": "80",
                            "protocol": "Tcp",
                            "request_path": "",
                            "resource_group_name": "RajuRG"
                        },
                        "meta": {},
                        "tainted": false
                    },
                    "deposed": [],
                    "provider": "provider.azurerm"
                },
                "azurerm_lb_rule.lbrule": {
                    "type": "azurerm_lb_rule",
                    "depends_on": [
                        "azurerm_lb.rajulb",
                        "azurerm_lb_backend_address_pool.backendaddrpool",
                        "azurerm_lb_probe.lbprobe",
                        "azurerm_resource_group.terrarg"
                    ],
                    "primary": {
                        "id": "/subscriptions/7df8f709-d090-4cd6-bc5b-5c2b6c6e6067/resourceGroups/RajuRG/providers/Microsoft.Network/loadBalancers/Rajulb/loadBalancingRules/LBRule",
                        "attributes": {
                            "backend_address_pool_id": "/subscriptions/7df8f709-d090-4cd6-bc5b-5c2b6c6e6067/resourceGroups/RajuRG/providers/Microsoft.Network/loadBalancers/Rajulb/backendAddressPools/Rajulbbackendpool",
                            "backend_port": "80",
                            "enable_floating_ip": "false",
                            "frontend_ip_configuration_id": "/subscriptions/7df8f709-d090-4cd6-bc5b-5c2b6c6e6067/resourceGroups/RajuRG/providers/Microsoft.Network/loadBalancers/Rajulb/frontendIPConfigurations/Rajulbpublicip",
                            "frontend_ip_configuration_name": "Rajulbpublicip",
                            "frontend_port": "80",
                            "id": "/subscriptions/7df8f709-d090-4cd6-bc5b-5c2b6c6e6067/resourceGroups/RajuRG/providers/Microsoft.Network/loadBalancers/Rajulb/loadBalancingRules/LBRule",
                            "idle_timeout_in_minutes": "4",
                            "load_distribution": "Default",
                            "loadbalancer_id": "/subscriptions/7df8f709-d090-4cd6-bc5b-5c2b6c6e6067/resourceGroups/RajuRG/providers/Microsoft.Network/loadBalancers/Rajulb",
                            "name": "LBRule",
                            "probe_id": "/subscriptions/7df8f709-d090-4cd6-bc5b-5c2b6c6e6067/resourceGroups/RajuRG/providers/Microsoft.Network/loadBalancers/Rajulb/probes/Rajulbprobe",
                            "protocol": "Tcp",
                            "resource_group_name": "RajuRG"
                        },
                        "meta": {},
                        "tainted": false
                    },
                    "deposed": [],
                    "provider": "provider.azurerm"
                },
                "azurerm_network_interface.terranic.0": {
                    "type": "azurerm_network_interface",
                    "depends_on": [
                        "azurerm_lb_backend_address_pool.backendaddrpool",
                        "azurerm_network_security_group.terransg",
                        "azurerm_resource_group.terrarg",
                        "azurerm_subnet.terrasubnet"
                    ],
                    "primary": {
                        "id": "/subscriptions/7df8f709-d090-4cd6-bc5b-5c2b6c6e6067/resourceGroups/RajuRG/providers/Microsoft.Network/networkInterfaces/Rajunic0",
                        "attributes": {
                            "applied_dns_servers.#": "0",
                            "dns_servers.#": "0",
                            "enable_accelerated_networking": "false",
                            "enable_ip_forwarding": "false",
                            "id": "/subscriptions/7df8f709-d090-4cd6-bc5b-5c2b6c6e6067/resourceGroups/RajuRG/providers/Microsoft.Network/networkInterfaces/Rajunic0",
                            "internal_dns_name_label": "",
                            "internal_fqdn": "",
                            "ip_configuration.#": "1",
                            "ip_configuration.0.application_gateway_backend_address_pools_ids.#": "0",
                            "ip_configuration.0.application_security_group_ids.#": "0",
                            "ip_configuration.0.load_balancer_backend_address_pools_ids.#": "1",
                            "ip_configuration.0.load_balancer_backend_address_pools_ids.844340169": "/subscriptions/7df8f709-d090-4cd6-bc5b-5c2b6c6e6067/resourceGroups/RajuRG/providers/Microsoft.Network/loadBalancers/Rajulb/backendAddressPools/Rajulbbackendpool",
                            "ip_configuration.0.load_balancer_inbound_nat_rules_ids.#": "0",
                            "ip_configuration.0.name": "rajunicipconfig",
                            "ip_configuration.0.primary": "true",
                            "ip_configuration.0.private_ip_address": "",
                            "ip_configuration.0.private_ip_address_allocation": "dynamic",
                            "ip_configuration.0.private_ip_address_version": "IPv4",
                            "ip_configuration.0.public_ip_address_id": "",
                            "ip_configuration.0.subnet_id": "/subscriptions/7df8f709-d090-4cd6-bc5b-5c2b6c6e6067/resourceGroups/RajuRG/providers/Microsoft.Network/virtualNetworks/RajuVNet/subnets/Rajusubnet",
                            "location": "westus",
                            "mac_address": "",
                            "name": "Rajunic0",
                            "network_security_group_id": "/subscriptions/7df8f709-d090-4cd6-bc5b-5c2b6c6e6067/resourceGroups/RajuRG/providers/Microsoft.Network/networkSecurityGroups/Rajunsg",
                            "private_ip_address": "10.0.1.4",
                            "private_ip_addresses.#": "1",
                            "private_ip_addresses.0": "10.0.1.4",
                            "resource_group_name": "RajuRG",
                            "tags.%": "0"
                        },
                        "meta": {},
                        "tainted": false
                    },
                    "deposed": [],
                    "provider": "provider.azurerm"
                },
                "azurerm_network_interface.terranic.1": {
                    "type": "azurerm_network_interface",
                    "depends_on": [
                        "azurerm_lb_backend_address_pool.backendaddrpool",
                        "azurerm_network_security_group.terransg",
                        "azurerm_resource_group.terrarg",
                        "azurerm_subnet.terrasubnet"
                    ],
                    "primary": {
                        "id": "/subscriptions/7df8f709-d090-4cd6-bc5b-5c2b6c6e6067/resourceGroups/RajuRG/providers/Microsoft.Network/networkInterfaces/Rajunic1",
                        "attributes": {
                            "applied_dns_servers.#": "0",
                            "dns_servers.#": "0",
                            "enable_accelerated_networking": "false",
                            "enable_ip_forwarding": "false",
                            "id": "/subscriptions/7df8f709-d090-4cd6-bc5b-5c2b6c6e6067/resourceGroups/RajuRG/providers/Microsoft.Network/networkInterfaces/Rajunic1",
                            "internal_dns_name_label": "",
                            "internal_fqdn": "",
                            "ip_configuration.#": "1",
                            "ip_configuration.0.application_gateway_backend_address_pools_ids.#": "0",
                            "ip_configuration.0.application_security_group_ids.#": "0",
                            "ip_configuration.0.load_balancer_backend_address_pools_ids.#": "1",
                            "ip_configuration.0.load_balancer_backend_address_pools_ids.844340169": "/subscriptions/7df8f709-d090-4cd6-bc5b-5c2b6c6e6067/resourceGroups/RajuRG/providers/Microsoft.Network/loadBalancers/Rajulb/backendAddressPools/Rajulbbackendpool",
                            "ip_configuration.0.load_balancer_inbound_nat_rules_ids.#": "0",
                            "ip_configuration.0.name": "rajunicipconfig",
                            "ip_configuration.0.primary": "true",
                            "ip_configuration.0.private_ip_address": "",
                            "ip_configuration.0.private_ip_address_allocation": "dynamic",
                            "ip_configuration.0.private_ip_address_version": "IPv4",
                            "ip_configuration.0.public_ip_address_id": "",
                            "ip_configuration.0.subnet_id": "/subscriptions/7df8f709-d090-4cd6-bc5b-5c2b6c6e6067/resourceGroups/RajuRG/providers/Microsoft.Network/virtualNetworks/RajuVNet/subnets/Rajusubnet",
                            "location": "westus",
                            "mac_address": "",
                            "name": "Rajunic1",
                            "network_security_group_id": "/subscriptions/7df8f709-d090-4cd6-bc5b-5c2b6c6e6067/resourceGroups/RajuRG/providers/Microsoft.Network/networkSecurityGroups/Rajunsg",
                            "private_ip_address": "10.0.1.5",
                            "private_ip_addresses.#": "1",
                            "private_ip_addresses.0": "10.0.1.5",
                            "resource_group_name": "RajuRG",
                            "tags.%": "0"
                        },
                        "meta": {},
                        "tainted": false
                    },
                    "deposed": [],
                    "provider": "provider.azurerm"
                },
                "azurerm_network_interface_backend_address_pool_association.backpoolasso": {
                    "type": "azurerm_network_interface_backend_address_pool_association",
                    "depends_on": [
                        "azurerm_lb_backend_address_pool.backendaddrpool",
                        "azurerm_network_interface.terranic.*"
                    ],
                    "primary": {
                        "id": "/subscriptions/7df8f709-d090-4cd6-bc5b-5c2b6c6e6067/resourceGroups/RajuRG/providers/Microsoft.Network/networkInterfaces/Rajunic0/ipConfigurations/rajunicipconfig|/subscriptions/7df8f709-d090-4cd6-bc5b-5c2b6c6e6067/resourceGroups/RajuRG/providers/Microsoft.Network/loadBalancers/Rajulb/backendAddressPools/Rajulbbackendpool",
                        "attributes": {
                            "backend_address_pool_id": "/subscriptions/7df8f709-d090-4cd6-bc5b-5c2b6c6e6067/resourceGroups/RajuRG/providers/Microsoft.Network/loadBalancers/Rajulb/backendAddressPools/Rajulbbackendpool",
                            "id": "/subscriptions/7df8f709-d090-4cd6-bc5b-5c2b6c6e6067/resourceGroups/RajuRG/providers/Microsoft.Network/networkInterfaces/Rajunic0/ipConfigurations/rajunicipconfig|/subscriptions/7df8f709-d090-4cd6-bc5b-5c2b6c6e6067/resourceGroups/RajuRG/providers/Microsoft.Network/loadBalancers/Rajulb/backendAddressPools/Rajulbbackendpool",
                            "ip_configuration_name": "rajunicipconfig",
                            "network_interface_id": "/subscriptions/7df8f709-d090-4cd6-bc5b-5c2b6c6e6067/resourceGroups/RajuRG/providers/Microsoft.Network/networkInterfaces/Rajunic0"
                        },
                        "meta": {},
                        "tainted": false
                    },
                    "deposed": [],
                    "provider": "provider.azurerm"
                },
                "azurerm_network_security_group.terransg": {
                    "type": "azurerm_network_security_group",
                    "depends_on": [
                        "azurerm_resource_group.terrarg"
                    ],
                    "primary": {
                        "id": "/subscriptions/7df8f709-d090-4cd6-bc5b-5c2b6c6e6067/resourceGroups/RajuRG/providers/Microsoft.Network/networkSecurityGroups/Rajunsg",
                        "attributes": {
                            "id": "/subscriptions/7df8f709-d090-4cd6-bc5b-5c2b6c6e6067/resourceGroups/RajuRG/providers/Microsoft.Network/networkSecurityGroups/Rajunsg",
                            "location": "westus",
                            "name": "Rajunsg",
                            "resource_group_name": "RajuRG",
                            "security_rule.#": "2",
                            "security_rule.1560726537.access": "Allow",
                            "security_rule.1560726537.description": "",
                            "security_rule.1560726537.destination_address_prefix": "*",
                            "security_rule.1560726537.destination_address_prefixes.#": "0",
                            "security_rule.1560726537.destination_application_security_group_ids.#": "0",
                            "security_rule.1560726537.destination_port_range": "3389",
                            "security_rule.1560726537.destination_port_ranges.#": "0",
                            "security_rule.1560726537.direction": "Inbound",
                            "security_rule.1560726537.name": "SSH",
                            "security_rule.1560726537.priority": "100",
                            "security_rule.1560726537.protocol": "Tcp",
                            "security_rule.1560726537.source_address_prefix": "*",
                            "security_rule.1560726537.source_address_prefixes.#": "0",
                            "security_rule.1560726537.source_application_security_group_ids.#": "0",
                            "security_rule.1560726537.source_port_range": "*",
                            "security_rule.1560726537.source_port_ranges.#": "0",
                            "security_rule.644991384.access": "Allow",
                            "security_rule.644991384.description": "",
                            "security_rule.644991384.destination_address_prefix": "*",
                            "security_rule.644991384.destination_address_prefixes.#": "0",
                            "security_rule.644991384.destination_application_security_group_ids.#": "0",
                            "security_rule.644991384.destination_port_range": "80",
                            "security_rule.644991384.destination_port_ranges.#": "0",
                            "security_rule.644991384.direction": "Inbound",
                            "security_rule.644991384.name": "HTTP",
                            "security_rule.644991384.priority": "101",
                            "security_rule.644991384.protocol": "Tcp",
                            "security_rule.644991384.source_address_prefix": "*",
                            "security_rule.644991384.source_address_prefixes.#": "0",
                            "security_rule.644991384.source_application_security_group_ids.#": "0",
                            "security_rule.644991384.source_port_range": "*",
                            "security_rule.644991384.source_port_ranges.#": "0",
                            "tags.%": "0"
                        },
                        "meta": {},
                        "tainted": false
                    },
                    "deposed": [],
                    "provider": "provider.azurerm"
                },
                "azurerm_public_ip.Rajulbpublicip": {
                    "type": "azurerm_public_ip",
                    "depends_on": [
                        "azurerm_resource_group.terrarg"
                    ],
                    "primary": {
                        "id": "/subscriptions/7df8f709-d090-4cd6-bc5b-5c2b6c6e6067/resourceGroups/RajuRG/providers/Microsoft.Network/publicIPAddresses/Rajulbpublicip",
                        "attributes": {
                            "allocation_method": "Dynamic",
                            "id": "/subscriptions/7df8f709-d090-4cd6-bc5b-5c2b6c6e6067/resourceGroups/RajuRG/providers/Microsoft.Network/publicIPAddresses/Rajulbpublicip",
                            "idle_timeout_in_minutes": "4",
                            "ip_address": "",
                            "ip_version": "IPv4",
                            "location": "westus",
                            "name": "Rajulbpublicip",
                            "public_ip_address_allocation": "Dynamic",
                            "resource_group_name": "RajuRG",
                            "sku": "Basic",
                            "tags.%": "0",
                            "zones.#": "0"
                        },
                        "meta": {},
                        "tainted": false
                    },
                    "deposed": [],
                    "provider": "provider.azurerm"
                },
                "azurerm_resource_group.terrarg": {
                    "type": "azurerm_resource_group",
                    "depends_on": [],
                    "primary": {
                        "id": "/subscriptions/7df8f709-d090-4cd6-bc5b-5c2b6c6e6067/resourceGroups/RajuRG",
                        "attributes": {
                            "id": "/subscriptions/7df8f709-d090-4cd6-bc5b-5c2b6c6e6067/resourceGroups/RajuRG",
                            "location": "westus",
                            "name": "RajuRG",
                            "tags.%": "0"
                        },
                        "meta": {},
                        "tainted": false
                    },
                    "deposed": [],
                    "provider": "provider.azurerm"
                },
                "azurerm_storage_account.mystorageaccount": {
                    "type": "azurerm_storage_account",
                    "depends_on": [
                        "azurerm_resource_group.terrarg",
                        "random_id.randomId"
                    ],
                    "primary": {
                        "id": "/subscriptions/7df8f709-d090-4cd6-bc5b-5c2b6c6e6067/resourceGroups/RajuRG/providers/Microsoft.Storage/storageAccounts/raju38497fc4d0fb58ec",
                        "attributes": {
                            "access_tier": "",
                            "account_encryption_source": "Microsoft.Storage",
                            "account_kind": "Storage",
                            "account_replication_type": "LRS",
                            "account_tier": "Standard",
                            "account_type": "Standard_LRS",
                            "enable_blob_encryption": "true",
                            "enable_file_encryption": "true",
                            "enable_https_traffic_only": "false",
                            "id": "/subscriptions/7df8f709-d090-4cd6-bc5b-5c2b6c6e6067/resourceGroups/RajuRG/providers/Microsoft.Storage/storageAccounts/raju38497fc4d0fb58ec",
                            "identity.#": "0",
                            "is_hns_enabled": "false",
                            "location": "westus",
                            "name": "raju38497fc4d0fb58ec",
                            "network_rules.#": "0",
                            "primary_access_key": "HonKkz7M5f8/vZYLcvi2evVBC/znHKeg163zVeoVzx5EXKbR3t8Wyg2ziUsY8IQ3GLqqjJF5s8r2A3EfcKcA7w==",
                            "primary_blob_connection_string": "DefaultEndpointsProtocol=https;BlobEndpoint=https://raju38497fc4d0fb58ec.blob.core.windows.net/;AccountName=raju38497fc4d0fb58ec;AccountKey=HonKkz7M5f8/vZYLcvi2evVBC/znHKeg163zVeoVzx5EXKbR3t8Wyg2ziUsY8IQ3GLqqjJF5s8r2A3EfcKcA7w==",
                            "primary_blob_endpoint": "https://raju38497fc4d0fb58ec.blob.core.windows.net/",
                            "primary_blob_host": "raju38497fc4d0fb58ec.blob.core.windows.net",
                            "primary_connection_string": "DefaultEndpointsProtocol=https;AccountName=raju38497fc4d0fb58ec;AccountKey=HonKkz7M5f8/vZYLcvi2evVBC/znHKeg163zVeoVzx5EXKbR3t8Wyg2ziUsY8IQ3GLqqjJF5s8r2A3EfcKcA7w==;EndpointSuffix=core.windows.net",
                            "primary_dfs_endpoint": "",
                            "primary_dfs_host": "",
                            "primary_file_endpoint": "https://raju38497fc4d0fb58ec.file.core.windows.net/",
                            "primary_file_host": "raju38497fc4d0fb58ec.file.core.windows.net",
                            "primary_location": "westus",
                            "primary_queue_endpoint": "https://raju38497fc4d0fb58ec.queue.core.windows.net/",
                            "primary_queue_host": "raju38497fc4d0fb58ec.queue.core.windows.net",
                            "primary_table_endpoint": "https://raju38497fc4d0fb58ec.table.core.windows.net/",
                            "primary_table_host": "raju38497fc4d0fb58ec.table.core.windows.net",
                            "primary_web_endpoint": "",
                            "primary_web_host": "",
                            "resource_group_name": "RajuRG",
                            "secondary_access_key": "qfG00fNtd8C72hDNPgcC0uA/rb3fn1jW23o5p0y0zvaVtbLsgs3t3ljPPd3txxc2SBoSsQmA9AwGy+pHDnLJvw==",
                            "secondary_blob_connection_string": "",
                            "secondary_connection_string": "DefaultEndpointsProtocol=https;AccountName=raju38497fc4d0fb58ec;AccountKey=qfG00fNtd8C72hDNPgcC0uA/rb3fn1jW23o5p0y0zvaVtbLsgs3t3ljPPd3txxc2SBoSsQmA9AwGy+pHDnLJvw==;EndpointSuffix=core.windows.net",
                            "secondary_location": "",
                            "tags.%": "0"
                        },
                        "meta": {
                            "schema_version": "2"
                        },
                        "tainted": false
                    },
                    "deposed": [],
                    "provider": "provider.azurerm"
                },
                "azurerm_subnet.terrasubnet": {
                    "type": "azurerm_subnet",
                    "depends_on": [
                        "azurerm_resource_group.terrarg",
                        "azurerm_virtual_network.terravnet"
                    ],
                    "primary": {
                        "id": "/subscriptions/7df8f709-d090-4cd6-bc5b-5c2b6c6e6067/resourceGroups/RajuRG/providers/Microsoft.Network/virtualNetworks/RajuVNet/subnets/Rajusubnet",
                        "attributes": {
                            "address_prefix": "10.0.1.0/24",
                            "delegation.#": "0",
                            "id": "/subscriptions/7df8f709-d090-4cd6-bc5b-5c2b6c6e6067/resourceGroups/RajuRG/providers/Microsoft.Network/virtualNetworks/RajuVNet/subnets/Rajusubnet",
                            "ip_configurations.#": "0",
                            "name": "Rajusubnet",
                            "network_security_group_id": "",
                            "resource_group_name": "RajuRG",
                            "route_table_id": "",
                            "service_endpoints.#": "0",
                            "virtual_network_name": "RajuVNet"
                        },
                        "meta": {},
                        "tainted": false
                    },
                    "deposed": [],
                    "provider": "provider.azurerm"
                },
                "azurerm_virtual_machine.terravm.0": {
                    "type": "azurerm_virtual_machine",
                    "depends_on": [
                        "azurerm_availability_set.avset",
                        "azurerm_network_interface.terranic.*",
                        "azurerm_resource_group.terrarg"
                    ],
                    "primary": {
                        "id": "/subscriptions/7df8f709-d090-4cd6-bc5b-5c2b6c6e6067/resourceGroups/RajuRG/providers/Microsoft.Compute/virtualMachines/Rajuvm0",
                        "attributes": {
                            "availability_set_id": "/subscriptions/7df8f709-d090-4cd6-bc5b-5c2b6c6e6067/resourcegroups/rajurg/providers/microsoft.compute/availabilitysets/rajuaset",
                            "delete_data_disks_on_termination": "false",
                            "delete_os_disk_on_termination": "false",
                            "id": "/subscriptions/7df8f709-d090-4cd6-bc5b-5c2b6c6e6067/resourceGroups/RajuRG/providers/Microsoft.Compute/virtualMachines/Rajuvm0",
                            "identity.#": "0",
                            "location": "westus",
                            "name": "Rajuvm0",
                            "network_interface_ids.#": "1",
                            "network_interface_ids.0": "/subscriptions/7df8f709-d090-4cd6-bc5b-5c2b6c6e6067/resourceGroups/RajuRG/providers/Microsoft.Network/networkInterfaces/Rajunic0",
                            "os_profile.#": "1",
                            "os_profile.1481830340.admin_password": "",
                            "os_profile.1481830340.admin_username": "azureuser",
                            "os_profile.1481830340.computer_name": "Rajuvm0",
                            "os_profile.1481830340.custom_data": "",
                            "os_profile_linux_config.#": "0",
                            "os_profile_secrets.#": "0",
                            "os_profile_windows_config.#": "1",
                            "os_profile_windows_config.80598305.additional_unattend_config.#": "0",
                            "os_profile_windows_config.80598305.enable_automatic_upgrades": "false",
                            "os_profile_windows_config.80598305.provision_vm_agent": "false",
                            "os_profile_windows_config.80598305.timezone": "",
                            "os_profile_windows_config.80598305.winrm.#": "0",
                            "plan.#": "0",
                            "resource_group_name": "RajuRG",
                            "storage_data_disk.#": "0",
                            "storage_image_reference.#": "1",
                            "storage_image_reference.3904372903.id": "",
                            "storage_image_reference.3904372903.offer": "WindowsServer",
                            "storage_image_reference.3904372903.publisher": "MicrosoftWindowsServer",
                            "storage_image_reference.3904372903.sku": "2016-Datacenter",
                            "storage_image_reference.3904372903.version": "latest",
                            "storage_os_disk.#": "1",
                            "storage_os_disk.0.caching": "ReadWrite",
                            "storage_os_disk.0.create_option": "FromImage",
                            "storage_os_disk.0.disk_size_gb": "127",
                            "storage_os_disk.0.image_uri": "",
                            "storage_os_disk.0.managed_disk_id": "/subscriptions/7df8f709-d090-4cd6-bc5b-5c2b6c6e6067/resourceGroups/RajuRG/providers/Microsoft.Compute/disks/RajuvmOsDisk0",
                            "storage_os_disk.0.managed_disk_type": "Premium_LRS",
                            "storage_os_disk.0.name": "RajuvmOsDisk0",
                            "storage_os_disk.0.os_type": "Windows",
                            "storage_os_disk.0.vhd_uri": "",
                            "storage_os_disk.0.write_accelerator_enabled": "false",
                            "tags.%": "0",
                            "vm_size": "Standard_DS1_v2",
                            "zones.#": "0"
                        },
                        "meta": {},
                        "tainted": false
                    },
                    "deposed": [],
                    "provider": "provider.azurerm"
                },
                "azurerm_virtual_machine.terravm.1": {
                    "type": "azurerm_virtual_machine",
                    "depends_on": [
                        "azurerm_availability_set.avset",
                        "azurerm_network_interface.terranic.*",
                        "azurerm_resource_group.terrarg"
                    ],
                    "primary": {
                        "id": "/subscriptions/7df8f709-d090-4cd6-bc5b-5c2b6c6e6067/resourceGroups/RajuRG/providers/Microsoft.Compute/virtualMachines/Rajuvm1",
                        "attributes": {
                            "availability_set_id": "/subscriptions/7df8f709-d090-4cd6-bc5b-5c2b6c6e6067/resourcegroups/rajurg/providers/microsoft.compute/availabilitysets/rajuaset",
                            "delete_data_disks_on_termination": "false",
                            "delete_os_disk_on_termination": "false",
                            "id": "/subscriptions/7df8f709-d090-4cd6-bc5b-5c2b6c6e6067/resourceGroups/RajuRG/providers/Microsoft.Compute/virtualMachines/Rajuvm1",
                            "identity.#": "0",
                            "location": "westus",
                            "name": "Rajuvm1",
                            "network_interface_ids.#": "1",
                            "network_interface_ids.0": "/subscriptions/7df8f709-d090-4cd6-bc5b-5c2b6c6e6067/resourceGroups/RajuRG/providers/Microsoft.Network/networkInterfaces/Rajunic1",
                            "os_profile.#": "1",
                            "os_profile.1095360133.admin_password": "",
                            "os_profile.1095360133.admin_username": "azureuser",
                            "os_profile.1095360133.computer_name": "Rajuvm1",
                            "os_profile.1095360133.custom_data": "",
                            "os_profile_linux_config.#": "0",
                            "os_profile_secrets.#": "0",
                            "os_profile_windows_config.#": "1",
                            "os_profile_windows_config.80598305.additional_unattend_config.#": "0",
                            "os_profile_windows_config.80598305.enable_automatic_upgrades": "false",
                            "os_profile_windows_config.80598305.provision_vm_agent": "false",
                            "os_profile_windows_config.80598305.timezone": "",
                            "os_profile_windows_config.80598305.winrm.#": "0",
                            "plan.#": "0",
                            "resource_group_name": "RajuRG",
                            "storage_data_disk.#": "0",
                            "storage_image_reference.#": "1",
                            "storage_image_reference.3904372903.id": "",
                            "storage_image_reference.3904372903.offer": "WindowsServer",
                            "storage_image_reference.3904372903.publisher": "MicrosoftWindowsServer",
                            "storage_image_reference.3904372903.sku": "2016-Datacenter",
                            "storage_image_reference.3904372903.version": "latest",
                            "storage_os_disk.#": "1",
                            "storage_os_disk.0.caching": "ReadWrite",
                            "storage_os_disk.0.create_option": "FromImage",
                            "storage_os_disk.0.disk_size_gb": "127",
                            "storage_os_disk.0.image_uri": "",
                            "storage_os_disk.0.managed_disk_id": "/subscriptions/7df8f709-d090-4cd6-bc5b-5c2b6c6e6067/resourceGroups/RajuRG/providers/Microsoft.Compute/disks/RajuvmOsDisk1",
                            "storage_os_disk.0.managed_disk_type": "Premium_LRS",
                            "storage_os_disk.0.name": "RajuvmOsDisk1",
                            "storage_os_disk.0.os_type": "Windows",
                            "storage_os_disk.0.vhd_uri": "",
                            "storage_os_disk.0.write_accelerator_enabled": "false",
                            "tags.%": "0",
                            "vm_size": "Standard_DS1_v2",
                            "zones.#": "0"
                        },
                        "meta": {},
                        "tainted": false
                    },
                    "deposed": [],
                    "provider": "provider.azurerm"
                },
                "azurerm_virtual_network.terravnet": {
                    "type": "azurerm_virtual_network",
                    "depends_on": [
                        "azurerm_resource_group.terrarg"
                    ],
                    "primary": {
                        "id": "/subscriptions/7df8f709-d090-4cd6-bc5b-5c2b6c6e6067/resourceGroups/RajuRG/providers/Microsoft.Network/virtualNetworks/RajuVNet",
                        "attributes": {
                            "address_space.#": "1",
                            "address_space.0": "10.0.0.0/16",
                            "ddos_protection_plan.#": "0",
                            "dns_servers.#": "0",
                            "id": "/subscriptions/7df8f709-d090-4cd6-bc5b-5c2b6c6e6067/resourceGroups/RajuRG/providers/Microsoft.Network/virtualNetworks/RajuVNet",
                            "location": "westus",
                            "name": "RajuVNet",
                            "resource_group_name": "RajuRG",
                            "subnet.#": "0",
                            "tags.%": "0"
                        },
                        "meta": {},
                        "tainted": false
                    },
                    "deposed": [],
                    "provider": "provider.azurerm"
                },
                "random_id.randomId": {
                    "type": "random_id",
                    "depends_on": [
                        "azurerm_resource_group.terrarg"
                    ],
                    "primary": {
                        "id": "OEl_xND7WOw",
                        "attributes": {
                            "b64": "OEl_xND7WOw",
                            "b64_std": "OEl/xND7WOw=",
                            "b64_url": "OEl_xND7WOw",
                            "byte_length": "8",
                            "dec": "4055913422720293100",
                            "hex": "38497fc4d0fb58ec",
                            "id": "OEl_xND7WOw",
                            "keepers.%": "1",
                            "keepers.resource_group_name": "RajuRG"
                        },
                        "meta": {},
                        "tainted": false
                    },
                    "deposed": [],
                    "provider": "provider.random"
                }
            },
            "depends_on": []
        }
    ]
}
