{
    "version": 3,
    "terraform_version": "0.11.13",
    "serial": 12,
    "lineage": "875a8e45-efae-680d-29b4-d28269831d73",
    "modules": [
        {
            "path": [
                "root"
            ],
            "outputs": {},
            "resources": {
                "azurerm_network_interface.terranic": {
                    "type": "azurerm_network_interface",
                    "depends_on": [
                        "azurerm_public_ip.terrapublicip",
                        "azurerm_resource_group.terrarg",
                        "azurerm_subnet.terrasubnet"
                    ],
                    "primary": {
                        "id": "/subscriptions/7df8f709-d090-4cd6-bc5b-5c2b6c6e6067/resourceGroups/duckrg/providers/Microsoft.Network/networkInterfaces/duckvm-nic",
                        "attributes": {
                            "applied_dns_servers.#": "0",
                            "dns_servers.#": "0",
                            "enable_accelerated_networking": "false",
                            "enable_ip_forwarding": "false",
                            "id": "/subscriptions/7df8f709-d090-4cd6-bc5b-5c2b6c6e6067/resourceGroups/duckrg/providers/Microsoft.Network/networkInterfaces/duckvm-nic",
                            "internal_dns_name_label": "",
                            "internal_fqdn": "",
                            "ip_configuration.#": "1",
                            "ip_configuration.0.application_gateway_backend_address_pools_ids.#": "0",
                            "ip_configuration.0.application_security_group_ids.#": "0",
                            "ip_configuration.0.load_balancer_backend_address_pools_ids.#": "0",
                            "ip_configuration.0.load_balancer_inbound_nat_rules_ids.#": "0",
                            "ip_configuration.0.name": "duckvm-ipconfig",
                            "ip_configuration.0.primary": "true",
                            "ip_configuration.0.private_ip_address": "",
                            "ip_configuration.0.private_ip_address_allocation": "dynamic",
                            "ip_configuration.0.private_ip_address_version": "IPv4",
                            "ip_configuration.0.public_ip_address_id": "/subscriptions/7df8f709-d090-4cd6-bc5b-5c2b6c6e6067/resourceGroups/duckrg/providers/Microsoft.Network/publicIPAddresses/duckpublicip",
                            "ip_configuration.0.subnet_id": "/subscriptions/7df8f709-d090-4cd6-bc5b-5c2b6c6e6067/resourceGroups/duckrg/providers/Microsoft.Network/virtualNetworks/duckvnet/subnets/ducksubnet",
                            "location": "westus",
                            "mac_address": "",
                            "name": "duckvm-nic",
                            "network_security_group_id": "",
                            "private_ip_address": "10.0.1.4",
                            "private_ip_addresses.#": "1",
                            "private_ip_addresses.0": "10.0.1.4",
                            "resource_group_name": "duckrg",
                            "tags.%": "0"
                        },
                        "meta": {},
                        "tainted": false
                    },
                    "deposed": [],
                    "provider": "provider.azurerm"
                },
                "azurerm_network_security_group.terransg": {
                    "type": "azurerm_network_security_group",
                    "depends_on": [
                        "azurerm_resource_group.terrarg"
                    ],
                    "primary": {
                        "id": "/subscriptions/7df8f709-d090-4cd6-bc5b-5c2b6c6e6067/resourceGroups/duckrg/providers/Microsoft.Network/networkSecurityGroups/ducknsg",
                        "attributes": {
                            "id": "/subscriptions/7df8f709-d090-4cd6-bc5b-5c2b6c6e6067/resourceGroups/duckrg/providers/Microsoft.Network/networkSecurityGroups/ducknsg",
                            "location": "westus",
                            "name": "ducknsg",
                            "resource_group_name": "duckrg",
                            "security_rule.#": "1",
                            "security_rule.1754140918.access": "Allow",
                            "security_rule.1754140918.description": "",
                            "security_rule.1754140918.destination_address_prefix": "*",
                            "security_rule.1754140918.destination_address_prefixes.#": "0",
                            "security_rule.1754140918.destination_application_security_group_ids.#": "0",
                            "security_rule.1754140918.destination_port_range": "3389",
                            "security_rule.1754140918.destination_port_ranges.#": "0",
                            "security_rule.1754140918.direction": "Inbound",
                            "security_rule.1754140918.name": "RDP",
                            "security_rule.1754140918.priority": "100",
                            "security_rule.1754140918.protocol": "Tcp",
                            "security_rule.1754140918.source_address_prefix": "*",
                            "security_rule.1754140918.source_address_prefixes.#": "0",
                            "security_rule.1754140918.source_application_security_group_ids.#": "0",
                            "security_rule.1754140918.source_port_range": "*",
                            "security_rule.1754140918.source_port_ranges.#": "0",
                            "tags.%": "0"
                        },
                        "meta": {},
                        "tainted": false
                    },
                    "deposed": [],
                    "provider": "provider.azurerm"
                },
                "azurerm_public_ip.terrapublicip": {
                    "type": "azurerm_public_ip",
                    "depends_on": [
                        "azurerm_resource_group.terrarg"
                    ],
                    "primary": {
                        "id": "/subscriptions/7df8f709-d090-4cd6-bc5b-5c2b6c6e6067/resourceGroups/duckrg/providers/Microsoft.Network/publicIPAddresses/duckpublicip",
                        "attributes": {
                            "allocation_method": "Dynamic",
                            "id": "/subscriptions/7df8f709-d090-4cd6-bc5b-5c2b6c6e6067/resourceGroups/duckrg/providers/Microsoft.Network/publicIPAddresses/duckpublicip",
                            "idle_timeout_in_minutes": "4",
                            "ip_address": "",
                            "ip_version": "IPv4",
                            "location": "westus",
                            "name": "duckpublicip",
                            "public_ip_address_allocation": "Dynamic",
                            "resource_group_name": "duckrg",
                            "sku": "Basic",
                            "tags.%": "0",
                            "zones.#": "0"
                        },
                        "meta": {},
                        "tainted": false
                    },
                    "deposed": [],
                    "provider": "provider.azurerm"
                },
                "azurerm_recovery_services_protected_vm.vmbackup": {
                    "type": "azurerm_recovery_services_protected_vm",
                    "depends_on": [
                        "azurerm_recovery_services_protection_policy_vm.vaultpolicy",
                        "azurerm_recovery_services_vault.myvault",
                        "azurerm_resource_group.terrarg",
                        "azurerm_virtual_machine.terravm"
                    ],
                    "primary": {
                        "id": "/subscriptions/7df8f709-d090-4cd6-bc5b-5c2b6c6e6067/resourceGroups/duckrg/providers/Microsoft.RecoveryServices/vaults/raju-recovery-vault/backupFabrics/Azure/protectionContainers/IaasVMContainer;iaasvmcontainerv2;duckrg;duckvm/protectedItems/VM;iaasvmcontainerv2;duckrg;duckvm",
                        "attributes": {
                            "backup_policy_id": "/subscriptions/7df8f709-d090-4cd6-bc5b-5c2b6c6e6067/resourceGroups/duckrg/providers/Microsoft.RecoveryServices/vaults/raju-recovery-vault/backupPolicies/duck-recovery-vault-policy",
                            "id": "/subscriptions/7df8f709-d090-4cd6-bc5b-5c2b6c6e6067/resourceGroups/duckrg/providers/Microsoft.RecoveryServices/vaults/raju-recovery-vault/backupFabrics/Azure/protectionContainers/IaasVMContainer;iaasvmcontainerv2;duckrg;duckvm/protectedItems/VM;iaasvmcontainerv2;duckrg;duckvm",
                            "recovery_vault_name": "raju-recovery-vault",
                            "resource_group_name": "duckrg",
                            "source_vm_id": "/subscriptions/7df8f709-d090-4cd6-bc5b-5c2b6c6e6067/resourceGroups/duckrg/providers/Microsoft.Compute/virtualMachines/duckvm",
                            "tags.%": "0"
                        },
                        "meta": {},
                        "tainted": false
                    },
                    "deposed": [],
                    "provider": "provider.azurerm"
                },
                "azurerm_recovery_services_protection_policy_vm.vaultpolicy": {
                    "type": "azurerm_recovery_services_protection_policy_vm",
                    "depends_on": [
                        "azurerm_recovery_services_vault.myvault",
                        "azurerm_resource_group.terrarg"
                    ],
                    "primary": {
                        "id": "/subscriptions/7df8f709-d090-4cd6-bc5b-5c2b6c6e6067/resourceGroups/duckrg/providers/Microsoft.RecoveryServices/vaults/raju-recovery-vault/backupPolicies/duck-recovery-vault-policy",
                        "attributes": {
                            "backup.#": "1",
                            "backup.0.frequency": "Daily",
                            "backup.0.time": "23:00",
                            "backup.0.weekdays.#": "0",
                            "id": "/subscriptions/7df8f709-d090-4cd6-bc5b-5c2b6c6e6067/resourceGroups/duckrg/providers/Microsoft.RecoveryServices/vaults/raju-recovery-vault/backupPolicies/duck-recovery-vault-policy",
                            "name": "duck-recovery-vault-policy",
                            "recovery_vault_name": "raju-recovery-vault",
                            "resource_group_name": "duckrg",
                            "retention_daily.#": "1",
                            "retention_daily.0.count": "14",
                            "retention_monthly.#": "0",
                            "retention_weekly.#": "0",
                            "retention_yearly.#": "0",
                            "tags.%": "0",
                            "timezone": "UTC"
                        },
                        "meta": {},
                        "tainted": false
                    },
                    "deposed": [],
                    "provider": "provider.azurerm"
                },
                "azurerm_recovery_services_vault.myvault": {
                    "type": "azurerm_recovery_services_vault",
                    "depends_on": [
                        "azurerm_resource_group.terrarg"
                    ],
                    "primary": {
                        "id": "/subscriptions/7df8f709-d090-4cd6-bc5b-5c2b6c6e6067/resourceGroups/duckrg/providers/Microsoft.RecoveryServices/vaults/raju-recovery-vault",
                        "attributes": {
                            "id": "/subscriptions/7df8f709-d090-4cd6-bc5b-5c2b6c6e6067/resourceGroups/duckrg/providers/Microsoft.RecoveryServices/vaults/raju-recovery-vault",
                            "location": "westus",
                            "name": "raju-recovery-vault",
                            "resource_group_name": "duckrg",
                            "sku": "Standard",
                            "tags.%": "0"
                        },
                        "meta": {},
                        "tainted": false
                    },
                    "deposed": [],
                    "provider": "provider.azurerm"
                },
                "azurerm_resource_group.terrarg": {
                    "type": "azurerm_resource_group",
                    "depends_on": [],
                    "primary": {
                        "id": "/subscriptions/7df8f709-d090-4cd6-bc5b-5c2b6c6e6067/resourceGroups/duckrg",
                        "attributes": {
                            "id": "/subscriptions/7df8f709-d090-4cd6-bc5b-5c2b6c6e6067/resourceGroups/duckrg",
                            "location": "westus",
                            "name": "duckrg",
                            "tags.%": "0"
                        },
                        "meta": {},
                        "tainted": false
                    },
                    "deposed": [],
                    "provider": "provider.azurerm"
                },
                "azurerm_storage_account.mystorageaccount": {
                    "type": "azurerm_storage_account",
                    "depends_on": [
                        "azurerm_resource_group.terrarg",
                        "random_id.randomId"
                    ],
                    "primary": {
                        "id": "/subscriptions/7df8f709-d090-4cd6-bc5b-5c2b6c6e6067/resourceGroups/duckrg/providers/Microsoft.Storage/storageAccounts/ducke5bd9a7a95ee9706",
                        "attributes": {
                            "access_tier": "",
                            "account_encryption_source": "Microsoft.Storage",
                            "account_kind": "Storage",
                            "account_replication_type": "LRS",
                            "account_tier": "Standard",
                            "account_type": "Standard_LRS",
                            "enable_blob_encryption": "true",
                            "enable_file_encryption": "true",
                            "enable_https_traffic_only": "false",
                            "id": "/subscriptions/7df8f709-d090-4cd6-bc5b-5c2b6c6e6067/resourceGroups/duckrg/providers/Microsoft.Storage/storageAccounts/ducke5bd9a7a95ee9706",
                            "identity.#": "0",
                            "is_hns_enabled": "false",
                            "location": "westus",
                            "name": "ducke5bd9a7a95ee9706",
                            "network_rules.#": "0",
                            "primary_access_key": "xrDgoXMsJ5GLi6Bb5/ZIXiX9bpTkZdQam8eJA+8TrmCUIy726RHGBpaGHuJrB1mt5joxfQoTC/Gz9ojL1dN96w==",
                            "primary_blob_connection_string": "DefaultEndpointsProtocol=https;BlobEndpoint=https://ducke5bd9a7a95ee9706.blob.core.windows.net/;AccountName=ducke5bd9a7a95ee9706;AccountKey=xrDgoXMsJ5GLi6Bb5/ZIXiX9bpTkZdQam8eJA+8TrmCUIy726RHGBpaGHuJrB1mt5joxfQoTC/Gz9ojL1dN96w==",
                            "primary_blob_endpoint": "https://ducke5bd9a7a95ee9706.blob.core.windows.net/",
                            "primary_blob_host": "ducke5bd9a7a95ee9706.blob.core.windows.net",
                            "primary_connection_string": "DefaultEndpointsProtocol=https;AccountName=ducke5bd9a7a95ee9706;AccountKey=xrDgoXMsJ5GLi6Bb5/ZIXiX9bpTkZdQam8eJA+8TrmCUIy726RHGBpaGHuJrB1mt5joxfQoTC/Gz9ojL1dN96w==;EndpointSuffix=core.windows.net",
                            "primary_dfs_endpoint": "",
                            "primary_dfs_host": "",
                            "primary_file_endpoint": "https://ducke5bd9a7a95ee9706.file.core.windows.net/",
                            "primary_file_host": "ducke5bd9a7a95ee9706.file.core.windows.net",
                            "primary_location": "westus",
                            "primary_queue_endpoint": "https://ducke5bd9a7a95ee9706.queue.core.windows.net/",
                            "primary_queue_host": "ducke5bd9a7a95ee9706.queue.core.windows.net",
                            "primary_table_endpoint": "https://ducke5bd9a7a95ee9706.table.core.windows.net/",
                            "primary_table_host": "ducke5bd9a7a95ee9706.table.core.windows.net",
                            "primary_web_endpoint": "",
                            "primary_web_host": "",
                            "resource_group_name": "duckrg",
                            "secondary_access_key": "VLNthymJ2cusLMn9s4b1A92fMliIhy0QU6dnp0mOwxx/9uWFDwUz72C+0sCiUbL2/RV2OailHJKxvC9WO9tSdA==",
                            "secondary_blob_connection_string": "",
                            "secondary_connection_string": "DefaultEndpointsProtocol=https;AccountName=ducke5bd9a7a95ee9706;AccountKey=VLNthymJ2cusLMn9s4b1A92fMliIhy0QU6dnp0mOwxx/9uWFDwUz72C+0sCiUbL2/RV2OailHJKxvC9WO9tSdA==;EndpointSuffix=core.windows.net",
                            "secondary_location": "",
                            "tags.%": "0"
                        },
                        "meta": {
                            "schema_version": "2"
                        },
                        "tainted": false
                    },
                    "deposed": [],
                    "provider": "provider.azurerm"
                },
                "azurerm_subnet.terrasubnet": {
                    "type": "azurerm_subnet",
                    "depends_on": [
                        "azurerm_resource_group.terrarg",
                        "azurerm_virtual_network.terravnet"
                    ],
                    "primary": {
                        "id": "/subscriptions/7df8f709-d090-4cd6-bc5b-5c2b6c6e6067/resourceGroups/duckrg/providers/Microsoft.Network/virtualNetworks/duckvnet/subnets/ducksubnet",
                        "attributes": {
                            "address_prefix": "10.0.1.0/24",
                            "delegation.#": "0",
                            "id": "/subscriptions/7df8f709-d090-4cd6-bc5b-5c2b6c6e6067/resourceGroups/duckrg/providers/Microsoft.Network/virtualNetworks/duckvnet/subnets/ducksubnet",
                            "ip_configurations.#": "0",
                            "name": "ducksubnet",
                            "network_security_group_id": "",
                            "resource_group_name": "duckrg",
                            "route_table_id": "",
                            "service_endpoints.#": "0",
                            "virtual_network_name": "duckvnet"
                        },
                        "meta": {},
                        "tainted": false
                    },
                    "deposed": [],
                    "provider": "provider.azurerm"
                },
                "azurerm_subnet_network_security_group_association.subnetnsg": {
                    "type": "azurerm_subnet_network_security_group_association",
                    "depends_on": [
                        "azurerm_network_security_group.terransg",
                        "azurerm_subnet.terrasubnet"
                    ],
                    "primary": {
                        "id": "/subscriptions/7df8f709-d090-4cd6-bc5b-5c2b6c6e6067/resourceGroups/duckrg/providers/Microsoft.Network/virtualNetworks/duckvnet/subnets/ducksubnet",
                        "attributes": {
                            "id": "/subscriptions/7df8f709-d090-4cd6-bc5b-5c2b6c6e6067/resourceGroups/duckrg/providers/Microsoft.Network/virtualNetworks/duckvnet/subnets/ducksubnet",
                            "network_security_group_id": "/subscriptions/7df8f709-d090-4cd6-bc5b-5c2b6c6e6067/resourceGroups/duckrg/providers/Microsoft.Network/networkSecurityGroups/ducknsg",
                            "subnet_id": "/subscriptions/7df8f709-d090-4cd6-bc5b-5c2b6c6e6067/resourceGroups/duckrg/providers/Microsoft.Network/virtualNetworks/duckvnet/subnets/ducksubnet"
                        },
                        "meta": {},
                        "tainted": false
                    },
                    "deposed": [],
                    "provider": "provider.azurerm"
                },
                "azurerm_virtual_machine.terravm": {
                    "type": "azurerm_virtual_machine",
                    "depends_on": [
                        "azurerm_network_interface.terranic",
                        "azurerm_resource_group.terrarg"
                    ],
                    "primary": {
                        "id": "/subscriptions/7df8f709-d090-4cd6-bc5b-5c2b6c6e6067/resourceGroups/duckrg/providers/Microsoft.Compute/virtualMachines/duckvm",
                        "attributes": {
                            "delete_data_disks_on_termination": "false",
                            "delete_os_disk_on_termination": "false",
                            "id": "/subscriptions/7df8f709-d090-4cd6-bc5b-5c2b6c6e6067/resourceGroups/duckrg/providers/Microsoft.Compute/virtualMachines/duckvm",
                            "identity.#": "0",
                            "location": "westus",
                            "name": "duckvm",
                            "network_interface_ids.#": "1",
                            "network_interface_ids.0": "/subscriptions/7df8f709-d090-4cd6-bc5b-5c2b6c6e6067/resourceGroups/duckrg/providers/Microsoft.Network/networkInterfaces/duckvm-nic",
                            "os_profile.#": "1",
                            "os_profile.3102563287.admin_password": "",
                            "os_profile.3102563287.admin_username": "azureuser",
                            "os_profile.3102563287.computer_name": "duckvm",
                            "os_profile.3102563287.custom_data": "",
                            "os_profile_linux_config.#": "0",
                            "os_profile_secrets.#": "0",
                            "os_profile_windows_config.#": "1",
                            "os_profile_windows_config.3143587113.additional_unattend_config.#": "0",
                            "os_profile_windows_config.3143587113.enable_automatic_upgrades": "false",
                            "os_profile_windows_config.3143587113.provision_vm_agent": "true",
                            "os_profile_windows_config.3143587113.timezone": "",
                            "os_profile_windows_config.3143587113.winrm.#": "0",
                            "plan.#": "0",
                            "resource_group_name": "duckrg",
                            "storage_data_disk.#": "0",
                            "storage_image_reference.#": "1",
                            "storage_image_reference.2991307580.id": "",
                            "storage_image_reference.2991307580.offer": "WindowsServer",
                            "storage_image_reference.2991307580.publisher": "MicrosoftWindowsServer",
                            "storage_image_reference.2991307580.sku": "2012-R2-Datacenter",
                            "storage_image_reference.2991307580.version": "latest",
                            "storage_os_disk.#": "1",
                            "storage_os_disk.0.caching": "ReadWrite",
                            "storage_os_disk.0.create_option": "FromImage",
                            "storage_os_disk.0.disk_size_gb": "127",
                            "storage_os_disk.0.image_uri": "",
                            "storage_os_disk.0.managed_disk_id": "/subscriptions/7df8f709-d090-4cd6-bc5b-5c2b6c6e6067/resourceGroups/duckrg/providers/Microsoft.Compute/disks/duckvm-OsDisk",
                            "storage_os_disk.0.managed_disk_type": "Standard_LRS",
                            "storage_os_disk.0.name": "duckvm-OsDisk",
                            "storage_os_disk.0.os_type": "Windows",
                            "storage_os_disk.0.vhd_uri": "",
                            "storage_os_disk.0.write_accelerator_enabled": "false",
                            "tags.%": "0",
                            "vm_size": "Standard_DS1_V2",
                            "zones.#": "0"
                        },
                        "meta": {},
                        "tainted": false
                    },
                    "deposed": [],
                    "provider": "provider.azurerm"
                },
                "azurerm_virtual_network.terravnet": {
                    "type": "azurerm_virtual_network",
                    "depends_on": [
                        "azurerm_resource_group.terrarg"
                    ],
                    "primary": {
                        "id": "/subscriptions/7df8f709-d090-4cd6-bc5b-5c2b6c6e6067/resourceGroups/duckrg/providers/Microsoft.Network/virtualNetworks/duckvnet",
                        "attributes": {
                            "address_space.#": "1",
                            "address_space.0": "10.0.0.0/16",
                            "ddos_protection_plan.#": "0",
                            "dns_servers.#": "0",
                            "id": "/subscriptions/7df8f709-d090-4cd6-bc5b-5c2b6c6e6067/resourceGroups/duckrg/providers/Microsoft.Network/virtualNetworks/duckvnet",
                            "location": "westus",
                            "name": "duckvnet",
                            "resource_group_name": "duckrg",
                            "subnet.#": "1",
                            "subnet.1650966988.address_prefix": "10.0.1.0/24",
                            "subnet.1650966988.id": "/subscriptions/7df8f709-d090-4cd6-bc5b-5c2b6c6e6067/resourceGroups/duckrg/providers/Microsoft.Network/virtualNetworks/duckvnet/subnets/ducksubnet",
                            "subnet.1650966988.name": "ducksubnet",
                            "subnet.1650966988.security_group": "",
                            "tags.%": "0"
                        },
                        "meta": {},
                        "tainted": false
                    },
                    "deposed": [],
                    "provider": "provider.azurerm"
                },
                "random_id.randomId": {
                    "type": "random_id",
                    "depends_on": [
                        "azurerm_resource_group.terrarg"
                    ],
                    "primary": {
                        "id": "5b2aepXulwY",
                        "attributes": {
                            "b64": "5b2aepXulwY",
                            "b64_std": "5b2aepXulwY=",
                            "b64_url": "5b2aepXulwY",
                            "byte_length": "8",
                            "dec": "16554557656575940358",
                            "hex": "e5bd9a7a95ee9706",
                            "id": "5b2aepXulwY",
                            "keepers.%": "1",
                            "keepers.resource_group_name": "duckrg"
                        },
                        "meta": {},
                        "tainted": false
                    },
                    "deposed": [],
                    "provider": "provider.random"
                }
            },
            "depends_on": []
        }
    ]
}
